
Microsoft Visual Studio Solution File, Format Version 12.00
# Visual Studio 15
VisualStudioVersion = 15.0.28307.438
MinimumVisualStudioVersion = 10.0.40219.1
Project("{FAE04EC0-301F-11D3-BF4B-00C04F79EFBC}") = "CustomerMaintenance", "CustomerMaintenance\CustomerMaintenance.csproj", "{A3F58F4F-9DF9-470C-84C9-8092B938F78D}"
EndProject
Project("{FAE04EC0-301F-11D3-BF4B-00C04F79EFBC}") = "CustomerMaintenanceClasses", "CustomerMaintenanceClasses\CustomerMaintenanceClasses.csproj", "{434543E0-1055-40D3-B3BD-AED7372A5B71}"
EndProject
Project("{FAE04EC0-301F-11D3-BF4B-00C04F79EFBC}") = "CustomerTests", "CustomerTests\CustomerTests.csproj", "{6E38FACA-9FC5-4838-B385-D19ED8F2558F}"
EndProject
Project("{FAE04EC0-301F-11D3-BF4B-00C04F79EFBC}") = "CustomerListTests", "CustomerListTests\CustomerListTests.csproj", "{F7CD1C42-D604-43DA-AFE9-70D3D8977C6F}"
EndProject
Global
	GlobalSection(SolutionConfigurationPlatforms) = preSolution
		Debug|Any CPU = Debug|Any CPU
		Release|Any CPU = Release|Any CPU
	EndGlobalSection
	GlobalSection(ProjectConfigurationPlatforms) = postSolution
		{A3F58F4F-9DF9-470C-84C9-8092B938F78D}.Debug|Any CPU.ActiveCfg = Debug|Any CPU
		{A3F58F4F-9DF9-470C-84C9-8092B938F78D}.Debug|Any CPU.Build.0 = Debug|Any CPU
		{A3F58F4F-9DF9-470C-84C9-8092B938F78D}.Release|Any CPU.ActiveCfg = Release|Any CPU
		{A3F58F4F-9DF9-470C-84C9-8092B938F78D}.Release|Any CPU.Build.0 = Release|Any CPU
		{434543E0-1055-40D3-B3BD-AED7372A5B71}.Debug|Any CPU.ActiveCfg = Debug|Any CPU
		{434543E0-1055-40D3-B3BD-AED7372A5B71}.Debug|Any CPU.Build.0 = Debug|Any CPU
		{434543E0-1055-40D3-B3BD-AED7372A5B71}.Release|Any CPU.ActiveCfg = Release|Any CPU
		{434543E0-1055-40D3-B3BD-AED7372A5B71}.Release|Any CPU.Build.0 = Release|Any CPU
		{6E38FACA-9FC5-4838-B385-D19ED8F2558F}.Debug|Any CPU.ActiveCfg = Debug|Any CPU
		{6E38FACA-9FC5-4838-B385-D19ED8F2558F}.Debug|Any CPU.Build.0 = Debug|Any CPU
		{6E38FACA-9FC5-4838-B385-D19ED8F2558F}.Release|Any CPU.ActiveCfg = Release|Any CPU
		{6E38FACA-9FC5-4838-B385-D19ED8F2558F}.Release|Any CPU.Build.0 = Release|Any CPU
		{F7CD1C42-D604-43DA-AFE9-70D3D8977C6F}.Debug|Any CPU.ActiveCfg = Debug|Any CPU
		{F7CD1C42-D604-43DA-AFE9-70D3D8977C6F}.Debug|Any CPU.Build.0 = Debug|Any CPU
		{F7CD1C42-D604-43DA-AFE9-70D3D8977C6F}.Release|Any CPU.ActiveCfg = Release|Any CPU
		{F7CD1C42-D604-43DA-AFE9-70D3D8977C6F}.Release|Any CPU.Build.0 = Release|Any CPU
	EndGlobalSection
	GlobalSection(SolutionProperties) = preSolution
		HideSolutionNode = FALSE
	EndGlobalSection
	GlobalSection(ExtensibilityGlobals) = postSolution
		SolutionGuid = {410E7369-2F8C-40B8-BE57-A77E027AF7D1}
	EndGlobalSection
EndGlobal
